// !$*UTF8*$!
{
	archiveVersion = 1;
	classes = {
	};
	objectVersion = 50;
	objects = {

/* Begin PBXBuildFile section */
		341B1F932342A4D100758DCA /* PostListViewController.swift in Sources */ = {isa = PBXBuildFile; fileRef = 341B1F922342A4D100758DCA /* PostListViewController.swift */; };
		34546ABE23428D2E00F791C6 /* AppDelegate.swift in Sources */ = {isa = PBXBuildFile; fileRef = 34546ABD23428D2E00F791C6 /* AppDelegate.swift */; };
		34546AC023428D2E00F791C6 /* SceneDelegate.swift in Sources */ = {isa = PBXBuildFile; fileRef = 34546ABF23428D2E00F791C6 /* SceneDelegate.swift */; };
		34546AC523428D2E00F791C6 /* Main.storyboard in Resources */ = {isa = PBXBuildFile; fileRef = 34546AC323428D2E00F791C6 /* Main.storyboard */; };
		34546AC723428D2F00F791C6 /* Assets.xcassets in Resources */ = {isa = PBXBuildFile; fileRef = 34546AC623428D2F00F791C6 /* Assets.xcassets */; };
		34546ACA23428D2F00F791C6 /* LaunchScreen.storyboard in Resources */ = {isa = PBXBuildFile; fileRef = 34546AC823428D2F00F791C6 /* LaunchScreen.storyboard */; };
		34546AD323428F1B00F791C6 /* Post.swift in Sources */ = {isa = PBXBuildFile; fileRef = 34546AD223428F1B00F791C6 /* Post.swift */; };
		34546AD623429BEA00F791C6 /* PostController.swift in Sources */ = {isa = PBXBuildFile; fileRef = 34546AD523429BEA00F791C6 /* PostController.swift */; };
/* End PBXBuildFile section */

/* Begin PBXFileReference section */
		341B1F922342A4D100758DCA /* PostListViewController.swift */ = {isa = PBXFileReference; lastKnownFileType = sourcecode.swift; path = PostListViewController.swift; sourceTree = "<group>"; };
		34546ABA23428D2E00F791C6 /* Post.app */ = {isa = PBXFileReference; explicitFileType = wrapper.application; includeInIndex = 0; path = Post.app; sourceTree = BUILT_PRODUCTS_DIR; };
		34546ABD23428D2E00F791C6 /* AppDelegate.swift */ = {isa = PBXFileReference; lastKnownFileType = sourcecode.swift; path = AppDelegate.swift; sourceTree = "<group>"; };
		34546ABF23428D2E00F791C6 /* SceneDelegate.swift */ = {isa = PBXFileReference; lastKnownFileType = sourcecode.swift; path = SceneDelegate.swift; sourceTree = "<group>"; };
		34546AC423428D2E00F791C6 /* Base */ = {isa = PBXFileReference; lastKnownFileType = file.storyboard; name = Base; path = Base.lproj/Main.storyboard; sourceTree = "<group>"; };
		34546AC623428D2F00F791C6 /* Assets.xcassets */ = {isa = PBXFileReference; lastKnownFileType = folder.assetcatalog; path = Assets.xcassets; sourceTree = "<group>"; };
		34546AC923428D2F00F791C6 /* Base */ = {isa = PBXFileReference; lastKnownFileType = file.storyboard; name = Base; path = Base.lproj/LaunchScreen.storyboard; sourceTree = "<group>"; };
		34546ACB23428D2F00F791C6 /* Info.plist */ = {isa = PBXFileReference; lastKnownFileType = text.plist.xml; path = Info.plist; sourceTree = "<group>"; };
		34546AD223428F1B00F791C6 /* Post.swift */ = {isa = PBXFileReference; lastKnownFileType = sourcecode.swift; name = Post.swift; path = ../Post.swift; sourceTree = "<group>"; };
		34546AD523429BEA00F791C6 /* PostController.swift */ = {isa = PBXFileReference; lastKnownFileType = sourcecode.swift; path = PostController.swift; sourceTree = "<group>"; };
/* End PBXFileReference section */

/* Begin PBXFrameworksBuildPhase section */
		34546AB723428D2E00F791C6 /* Frameworks */ = {
			isa = PBXFrameworksBuildPhase;
			buildActionMask = 2147483647;
			files = (
			);
			runOnlyForDeploymentPostprocessing = 0;
		};
/* End PBXFrameworksBuildPhase section */

/* Begin PBXGroup section */
		34546AB123428D2E00F791C6 = {
			isa = PBXGroup;
			children = (
				34546ABC23428D2E00F791C6 /* Post */,
				34546ABB23428D2E00F791C6 /* Products */,
			);
			sourceTree = "<group>";
		};
		34546ABB23428D2E00F791C6 /* Products */ = {
			isa = PBXGroup;
			children = (
				34546ABA23428D2E00F791C6 /* Post.app */,
			);
			name = Products;
			sourceTree = "<group>";
		};
		34546ABC23428D2E00F791C6 /* Post */ = {
			isa = PBXGroup;
			children = (
				34546AD123428D4D00F791C6 /* resources */,
				34546AC323428D2E00F791C6 /* Main.storyboard */,
				341B1F922342A4D100758DCA /* PostListViewController.swift */,
				34546AD523429BEA00F791C6 /* PostController.swift */,
				34546AD423429BAD00F791C6 /* models */,
			);
			path = Post;
			sourceTree = "<group>";
		};
		34546AD123428D4D00F791C6 /* resources */ = {
			isa = PBXGroup;
			children = (
				34546ABD23428D2E00F791C6 /* AppDelegate.swift */,
				34546ABF23428D2E00F791C6 /* SceneDelegate.swift */,
				34546AC623428D2F00F791C6 /* Assets.xcassets */,
				34546AC823428D2F00F791C6 /* LaunchScreen.storyboard */,
				34546ACB23428D2F00F791C6 /* Info.plist */,
			);
			path = resources;
			sourceTree = "<group>";
		};
		34546AD423429BAD00F791C6 /* models */ = {
			isa = PBXGroup;
			children = (
				34546AD223428F1B00F791C6 /* Post.swift */,
			);
			path = models;
			sourceTree = "<group>";
		};
/* End PBXGroup section */

/* Begin PBXNativeTarget section */
		34546AB923428D2E00F791C6 /* Post */ = {
			isa = PBXNativeTarget;
			buildConfigurationList = 34546ACE23428D2F00F791C6 /* Build configuration list for PBXNativeTarget "Post" */;
			buildPhases = (
				34546AB623428D2E00F791C6 /* Sources */,
				34546AB723428D2E00F791C6 /* Frameworks */,
				34546AB823428D2E00F791C6 /* Resources */,
			);
			buildRules = (
			);
			dependencies = (
			);
			name = Post;
			productName = Post;
			productReference = 34546ABA23428D2E00F791C6 /* Post.app */;
			productType = "com.apple.product-type.application";
		};
/* End PBXNativeTarget section */

/* Begin PBXProject section */
		34546AB223428D2E00F791C6 /* Project object */ = {
			isa = PBXProject;
			attributes = {
				LastSwiftUpdateCheck = 1100;
				LastUpgradeCheck = 1100;
				ORGANIZATIONNAME = "Matthew O'Connor";
				TargetAttributes = {
					34546AB923428D2E00F791C6 = {
						CreatedOnToolsVersion = 11.0;
					};
				};
			};
			buildConfigurationList = 34546AB523428D2E00F791C6 /* Build configuration list for PBXProject "Post" */;
			compatibilityVersion = "Xcode 9.3";
			developmentRegion = en;
			hasScannedForEncodings = 0;
			knownRegions = (
				en,
				Base,
			);
			mainGroup = 34546AB123428D2E00F791C6;
			productRefGroup = 34546ABB23428D2E00F791C6 /* Products */;
			projectDirPath = "";
			projectRoot = "";
			targets = (
				34546AB923428D2E00F791C6 /* Post */,
			);
		};
/* End PBXProject section */

/* Begin PBXResourcesBuildPhase section */
		34546AB823428D2E00F791C6 /* Resources */ = {
			isa = PBXResourcesBuildPhase;
			buildActionMask = 2147483647;
			files = (
				34546ACA23428D2F00F791C6 /* LaunchScreen.storyboard in Resources */,
				34546AC723428D2F00F791C6 /* Assets.xcassets in Resources */,
				34546AC523428D2E00F791C6 /* Main.storyboard in Resources */,
			);
			runOnlyForDeploymentPostprocessing = 0;
		};
/* End PBXResourcesBuildPhase section */

/* Begin PBXSourcesBuildPhase section */
		34546AB623428D2E00F791C6 /* Sources */ = {
			isa = PBXSourcesBuildPhase;
			buildActionMask = 2147483647;
			files = (
				34546AD323428F1B00F791C6 /* Post.swift in Sources */,
				341B1F932342A4D100758DCA /* PostListViewController.swift in Sources */,
				34546AD623429BEA00F791C6 /* PostController.swift in Sources */,
				34546ABE23428D2E00F791C6 /* AppDelegate.swift in Sources */,
				34546AC023428D2E00F791C6 /* SceneDelegate.swift in Sources */,
			);
			runOnlyForDeploymentPostprocessing = 0;
		};
/* End PBXSourcesBuildPhase section */

/* Begin PBXVariantGroup section */
		34546AC323428D2E00F791C6 /* Main.storyboard */ = {
			isa = PBXVariantGroup;
			children = (
				34546AC423428D2E00F791C6 /* Base */,
			);
			name = Main.storyboard;
			sourceTree = "<group>";
		};
		34546AC823428D2F00F791C6 /* LaunchScreen.storyboard */ = {
			isa = PBXVariantGroup;
			children = (
				34546AC923428D2F00F791C6 /* Base */,
			);
			name = LaunchScreen.storyboard;
			sourceTree = "<group>";
		};
/* End PBXVariantGroup section */

/* Begin XCBuildConfiguration section */
		34546ACC23428D2F00F791C6 /* Debug */ = {
			isa = XCBuildConfiguration;
			buildSettings = {
				ALWAYS_SEARCH_USER_PATHS = NO;
				CLANG_ANALYZER_NONNULL = YES;
				CLANG_ANALYZER_NUMBER_OBJECT_CONVERSION = YES_AGGRESSIVE;
				CLANG_CXX_LANGUAGE_STANDARD = "gnu++14";
				CLANG_CXX_LIBRARY = "libc++";
				CLANG_ENABLE_MODULES = YES;
				CLANG_ENABLE_OBJC_ARC = YES;
				CLANG_ENABLE_OBJC_WEAK = YES;
				CLANG_WARN_BLOCK_CAPTURE_AUTORELEASING = YES;
				CLANG_WARN_BOOL_CONVERSION = YES;
				CLANG_WARN_COMMA = YES;
				CLANG_WARN_CONSTANT_CONVERSION = YES;
				CLANG_WARN_DEPRECATED_OBJC_IMPLEMENTATIONS = YES;
				CLANG_WARN_DIRECT_OBJC_ISA_USAGE = YES_ERROR;
				CLANG_WARN_DOCUMENTATION_COMMENTS = YES;
				CLANG_WARN_EMPTY_BODY = YES;
				CLANG_WARN_ENUM_CONVERSION = YES;
				CLANG_WARN_INFINITE_RECURSION = YES;
				CLANG_WARN_INT_CONVERSION = YES;
				CLANG_WARN_NON_LITERAL_NULL_CONVERSION = YES;
				CLANG_WARN_OBJC_IMPLICIT_RETAIN_SELF = YES;
				CLANG_WARN_OBJC_LITERAL_CONVERSION = YES;
				CLANG_WARN_OBJC_ROOT_CLASS = YES_ERROR;
				CLANG_WARN_RANGE_LOOP_ANALYSIS = YES;
				CLANG_WARN_STRICT_PROTOTYPES = YES;
				CLANG_WARN_SUSPICIOUS_MOVE = YES;
				CLANG_WARN_UNGUARDED_AVAILABILITY = YES_AGGRESSIVE;
				CLANG_WARN_UNREACHABLE_CODE = YES;
				CLANG_WARN__DUPLICATE_METHOD_MATCH = YES;
				COPY_PHASE_STRIP = NO;
				DEBUG_INFORMATION_FORMAT = dwarf;
				ENABLE_STRICT_OBJC_MSGSEND = YES;
				ENABLE_TESTABILITY = YES;
				GCC_C_LANGUAGE_STANDARD = gnu11;
				GCC_DYNAMIC_NO_PIC = NO;
				GCC_NO_COMMON_BLOCKS = YES;
				GCC_OPTIMIZATION_LEVEL = 0;
				GCC_PREPROCESSOR_DEFINITIONS = (
					"DEBUG=1",
					"$(inherited)",
				);
				GCC_WARN_64_TO_32_BIT_CONVERSION = YES;
				GCC_WARN_ABOUT_RETURN_TYPE = YES_ERROR;
				GCC_WARN_UNDECLARED_SELECTOR = YES;
				GCC_WARN_UNINITIALIZED_AUTOS = YES_AGGRESSIVE;
				GCC_WARN_UNUSED_FUNCTION = YES;
				GCC_WARN_UNUSED_VARIABLE = YES;
				IPHONEOS_DEPLOYMENT_TARGET = 13.0;
				MTL_ENABLE_DEBUG_INFO = INCLUDE_SOURCE;
				MTL_FAST_MATH = YES;
				ONLY_ACTIVE_ARCH = YES;
				SDKROOT = iphoneos;
				SWIFT_ACTIVE_COMPILATION_CONDITIONS = DEBUG;
				SWIFT_OPTIMIZATION_LEVEL = "-Onone";
			};
			name = Debug;
		};
		34546ACD23428D2F00F791C6 /* Release */ = {
			isa = XCBuildConfiguration;
			buildSettings = {
				ALWAYS_SEARCH_USER_PATHS = NO;
				CLANG_ANALYZER_NONNULL = YES;
				CLANG_ANALYZER_NUMBER_OBJECT_CONVERSION = YES_AGGRESSIVE;
				CLANG_CXX_LANGUAGE_STANDARD = "gnu++14";
				CLANG_CXX_LIBRARY = "libc++";
				CLANG_ENABLE_MODULES = YES;
				CLANG_ENABLE_OBJC_ARC = YES;
				CLANG_ENABLE_OBJC_WEAK = YES;
				CLANG_WARN_BLOCK_CAPTURE_AUTORELEASING = YES;
				CLANG_WARN_BOOL_CONVERSION = YES;
				CLANG_WARN_COMMA = YES;
				CLANG_WARN_CONSTANT_CONVERSION = YES;
				CLANG_WARN_DEPRECATED_OBJC_IMPLEMENTATIONS = YES;
				CLANG_WARN_DIRECT_OBJC_ISA_USAGE = YES_ERROR;
				CLANG_WARN_DOCUMENTATION_COMMENTS = YES;
				CLANG_WARN_EMPTY_BODY = YES;
				CLANG_WARN_ENUM_CONVERSION = YES;
				CLANG_WARN_INFINITE_RECURSION = YES;
				CLANG_WARN_INT_CONVERSION = YES;
				CLANG_WARN_NON_LITERAL_NULL_CONVERSION = YES;
				CLANG_WARN_OBJC_IMPLICIT_RETAIN_SELF = YES;
				CLANG_WARN_OBJC_LITERAL_CONVERSION = YES;
				CLANG_WARN_OBJC_ROOT_CLASS = YES_ERROR;
				CLANG_WARN_RANGE_LOOP_ANALYSIS = YES;
				CLANG_WARN_STRICT_PROTOTYPES = YES;
				CLANG_WARN_SUSPICIOUS_MOVE = YES;
				CLANG_WARN_UNGUARDED_AVAILABILITY = YES_AGGRESSIVE;
				CLANG_WARN_UNREACHABLE_CODE = YES;
				CLANG_WARN__DUPLICATE_METHOD_MATCH = YES;
				COPY_PHASE_STRIP = NO;
				DEBUG_INFORMATION_FORMAT = "dwarf-with-dsym";
				ENABLE_NS_ASSERTIONS = NO;
				ENABLE_STRICT_OBJC_MSGSEND = YES;
				GCC_C_LANGUAGE_STANDARD = gnu11;
				GCC_NO_COMMON_BLOCKS = YES;
				GCC_WARN_64_TO_32_BIT_CONVERSION = YES;
				GCC_WARN_ABOUT_RETURN_TYPE = YES_ERROR;
				GCC_WARN_UNDECLARED_SELECTOR = YES;
				GCC_WARN_UNINITIALIZED_AUTOS = YES_AGGRESSIVE;
				GCC_WARN_UNUSED_FUNCTION = YES;
				GCC_WARN_UNUSED_VARIABLE = YES;
				IPHONEOS_DEPLOYMENT_TARGET = 13.0;
				MTL_ENABLE_DEBUG_INFO = NO;
				MTL_FAST_MATH = YES;
				SDKROOT = iphoneos;
				SWIFT_COMPILATION_MODE = wholemodule;
				SWIFT_OPTIMIZATION_LEVEL = "-O";
				VALIDATE_PRODUCT = YES;
			};
			name = Release;
		};
		34546ACF23428D2F00F791C6 /* Debug */ = {
			isa = XCBuildConfiguration;
			buildSettings = {
				ASSETCATALOG_COMPILER_APPICON_NAME = AppIcon;
				CODE_SIGN_STYLE = Automatic;
				DEVELOPMENT_TEAM = RRGZ3XLFVN;
				INFOPLIST_FILE = Post/resources/Info.plist;
				LD_RUNPATH_SEARCH_PATHS = (
					"$(inherited)",
					"@executable_path/Frameworks",
				);
				PRODUCT_BUNDLE_IDENTIFIER = deltas2k.Post;
				PRODUCT_NAME = "$(TARGET_NAME)";
				SWIFT_VERSION = 5.0;
				TARGETED_DEVICE_FAMILY = "1,2";
			};
			name = Debug;
		};
		34546AD023428D2F00F791C6 /* Release */ = {
			isa = XCBuildConfiguration;
			buildSettings = {
				ASSETCATALOG_COMPILER_APPICON_NAME = AppIcon;
				CODE_SIGN_STYLE = Automatic;
				DEVELOPMENT_TEAM = RRGZ3XLFVN;
				INFOPLIST_FILE = Post/resources/Info.plist;
				LD_RUNPATH_SEARCH_PATHS = (
					"$(inherited)",
					"@executable_path/Frameworks",
				);
				PRODUCT_BUNDLE_IDENTIFIER = deltas2k.Post;
				PRODUCT_NAME = "$(TARGET_NAME)";
				SWIFT_VERSION = 5.0;
				TARGETED_DEVICE_FAMILY = "1,2";
			};
			name = Release;
		};
/* End XCBuildConfiguration section */

/* Begin XCConfigurationList section */
		34546AB523428D2E00F791C6 /* Build configuration list for PBXProject "Post" */ = {
			isa = XCConfigurationList;
			buildConfigurations = (
				34546ACC23428D2F00F791C6 /* Debug */,
				34546ACD23428D2F00F791C6 /* Release */,
			);
			defaultConfigurationIsVisible = 0;
			defaultConfigurationName = Release;
		};
		34546ACE23428D2F00F791C6 /* Build configuration list for PBXNativeTarget "Post" */ = {
			isa = XCConfigurationList;
			buildConfigurations = (
				34546ACF23428D2F00F791C6 /* Debug */,
				34546AD023428D2F00F791C6 /* Release */,
			);
			defaultConfigurationIsVisible = 0;
			defaultConfigurationName = Release;
		};
/* End XCConfigurationList section */
	};
	rootObject = 34546AB223428D2E00F791C6 /* Project object */;
}
